
Microsoft Visual Studio Solution File, Format Version 12.00
# Visual Studio Version 17
VisualStudioVersion = 17.8.34511.84
MinimumVisualStudioVersion = 10.0.40219.1
Project("{FAE04EC0-301F-11D3-BF4B-00C04F79EFBC}") = "TafTapApi", "TafTapApi.csproj", "{E8D522EB-2117-4AE8-A8E3-85DA41A0A3E7}"
EndProject
Project("{FAE04EC0-301F-11D3-BF4B-00C04F79EFBC}") = "TafTapReader", "..\TafTapReader\TafTapReader.csproj", "{EA8269FC-194D-4BEE-8CD4-E0C1FD64B09B}"
EndProject
Global
	GlobalSection(SolutionConfigurationPlatforms) = preSolution
		Debug|Any CPU = Debug|Any CPU
		Release|Any CPU = Release|Any CPU
	EndGlobalSection
	GlobalSection(ProjectConfigurationPlatforms) = postSolution
		{E8D522EB-2117-4AE8-A8E3-85DA41A0A3E7}.Debug|Any CPU.ActiveCfg = Debug|Any CPU
		{E8D522EB-2117-4AE8-A8E3-85DA41A0A3E7}.Debug|Any CPU.Build.0 = Debug|Any CPU
		{E8D522EB-2117-4AE8-A8E3-85DA41A0A3E7}.Release|Any CPU.ActiveCfg = Release|Any CPU
		{E8D522EB-2117-4AE8-A8E3-85DA41A0A3E7}.Release|Any CPU.Build.0 = Release|Any CPU
		{EA8269FC-194D-4BEE-8CD4-E0C1FD64B09B}.Debug|Any CPU.ActiveCfg = Debug|Any CPU
		{EA8269FC-194D-4BEE-8CD4-E0C1FD64B09B}.Debug|Any CPU.Build.0 = Debug|Any CPU
		{EA8269FC-194D-4BEE-8CD4-E0C1FD64B09B}.Release|Any CPU.ActiveCfg = Release|Any CPU
		{EA8269FC-194D-4BEE-8CD4-E0C1FD64B09B}.Release|Any CPU.Build.0 = Release|Any CPU
	EndGlobalSection
	GlobalSection(SolutionProperties) = preSolution
		HideSolutionNode = FALSE
	EndGlobalSection
	GlobalSection(ExtensibilityGlobals) = postSolution
		SolutionGuid = {9934A043-7A1B-41A2-B3E1-67EF57D2D459}
	EndGlobalSection
EndGlobal
